
Microsoft Visual Studio Solution File, Format Version 12.00
# Visual Studio Version 17
VisualStudioVersion = 17.10.35027.167
MinimumVisualStudioVersion = 10.0.40219.1
Project("{FAE04EC0-301F-11D3-BF4B-00C04F79EFBC}") = "Travel_Desk_Application", "Travel_Desk_Application\Travel_Desk_Application.csproj", "{0A258603-51D9-42CB-8718-DDE70A80797E}"
EndProject
Global
	GlobalSection(SolutionConfigurationPlatforms) = preSolution
		Debug|Any CPU = Debug|Any CPU
		Release|Any CPU = Release|Any CPU
	EndGlobalSection
	GlobalSection(ProjectConfigurationPlatforms) = postSolution
		{0A258603-51D9-42CB-8718-DDE70A80797E}.Debug|Any CPU.ActiveCfg = Debug|Any CPU
		{0A258603-51D9-42CB-8718-DDE70A80797E}.Debug|Any CPU.Build.0 = Debug|Any CPU
		{0A258603-51D9-42CB-8718-DDE70A80797E}.Release|Any CPU.ActiveCfg = Release|Any CPU
		{0A258603-51D9-42CB-8718-DDE70A80797E}.Release|Any CPU.Build.0 = Release|Any CPU
	EndGlobalSection
	GlobalSection(SolutionProperties) = preSolution
		HideSolutionNode = FALSE
	EndGlobalSection
	GlobalSection(ExtensibilityGlobals) = postSolution
		SolutionGuid = {1A64DDE6-DA5B-4004-960B-F40A851CA5C4}
	EndGlobalSection
EndGlobal
